
Microsoft Visual Studio Solution File, Format Version 12.00
# Visual Studio Version 17
VisualStudioVersion = 17.5.33516.290
MinimumVisualStudioVersion = 10.0.40219.1
Project("{FAE04EC0-301F-11D3-BF4B-00C04F79EFBC}") = "BogusTestApp", "ScadaTeatApp\BogusTestApp.csproj", "{5B18FE81-32EE-4850-9FC1-AAD4D9A91537}"
EndProject
Project("{2150E333-8FDC-42A3-9474-1A3956D46DE8}") = "Test용", "Test용", "{C8DD6E08-B83D-4DB4-8D9E-EC95B4F0E25D}"
EndProject
Project("{2150E333-8FDC-42A3-9474-1A3956D46DE8}") = "시뮬레이션용", "시뮬레이션용", "{ED445E29-A04E-489B-87DF-E4DFDB4C4092}"
EndProject
Project("{2150E333-8FDC-42A3-9474-1A3956D46DE8}") = "MQTT Subscriber", "MQTT Subscriber", "{B15F5015-7899-4648-BC19-B3269257F779}"
EndProject
Project("{2150E333-8FDC-42A3-9474-1A3956D46DE8}") = "MQTT Publisher", "MQTT Publisher", "{0DBB0A1C-F8F2-489F-A07F-43005974AE44}"
EndProject
Project("{FAE04EC0-301F-11D3-BF4B-00C04F79EFBC}") = "FakeIotDeviceApp", "FakeIotDeviceApp\FakeIotDeviceApp.csproj", "{3CF6DD8A-2C7D-4414-A071-78C337ED3D6E}"
EndProject
Global
	GlobalSection(SolutionConfigurationPlatforms) = preSolution
		Debug|Any CPU = Debug|Any CPU
		Release|Any CPU = Release|Any CPU
	EndGlobalSection
	GlobalSection(ProjectConfigurationPlatforms) = postSolution
		{5B18FE81-32EE-4850-9FC1-AAD4D9A91537}.Debug|Any CPU.ActiveCfg = Debug|Any CPU
		{5B18FE81-32EE-4850-9FC1-AAD4D9A91537}.Debug|Any CPU.Build.0 = Debug|Any CPU
		{5B18FE81-32EE-4850-9FC1-AAD4D9A91537}.Release|Any CPU.ActiveCfg = Release|Any CPU
		{5B18FE81-32EE-4850-9FC1-AAD4D9A91537}.Release|Any CPU.Build.0 = Release|Any CPU
		{3CF6DD8A-2C7D-4414-A071-78C337ED3D6E}.Debug|Any CPU.ActiveCfg = Debug|Any CPU
		{3CF6DD8A-2C7D-4414-A071-78C337ED3D6E}.Debug|Any CPU.Build.0 = Debug|Any CPU
		{3CF6DD8A-2C7D-4414-A071-78C337ED3D6E}.Release|Any CPU.ActiveCfg = Release|Any CPU
		{3CF6DD8A-2C7D-4414-A071-78C337ED3D6E}.Release|Any CPU.Build.0 = Release|Any CPU
	EndGlobalSection
	GlobalSection(SolutionProperties) = preSolution
		HideSolutionNode = FALSE
	EndGlobalSection
	GlobalSection(NestedProjects) = preSolution
		{5B18FE81-32EE-4850-9FC1-AAD4D9A91537} = {C8DD6E08-B83D-4DB4-8D9E-EC95B4F0E25D}
		{ED445E29-A04E-489B-87DF-E4DFDB4C4092} = {C8DD6E08-B83D-4DB4-8D9E-EC95B4F0E25D}
		{3CF6DD8A-2C7D-4414-A071-78C337ED3D6E} = {0DBB0A1C-F8F2-489F-A07F-43005974AE44}
	EndGlobalSection
	GlobalSection(ExtensibilityGlobals) = postSolution
		SolutionGuid = {C12CD2F1-861E-41EF-9E57-EBDE941EC785}
	EndGlobalSection
EndGlobal
